// !$*UTF8*$!
{
	archiveVersion = 1;
	classes = {
	};
	objectVersion = 46;
	objects = {

/* Begin PBXBuildFile section */
		7B44D1FE8536831BC4B3E8B3 /* libPods-Diary.a in Frameworks */ = {isa = PBXBuildFile; fileRef = 301E254A167DB6A4CF998C10 /* libPods-Diary.a */; };
		BEC673041F9C3C61003B4959 /* main.m in Sources */ = {isa = PBXBuildFile; fileRef = BEC673031F9C3C61003B4959 /* main.m */; };
		BEC673071F9C3C61003B4959 /* AppDelegate.m in Sources */ = {isa = PBXBuildFile; fileRef = BEC673061F9C3C61003B4959 /* AppDelegate.m */; };
		BEC6730A1F9C3C61003B4959 /* ViewController.m in Sources */ = {isa = PBXBuildFile; fileRef = BEC673091F9C3C61003B4959 /* ViewController.m */; };
		BEC6730D1F9C3C61003B4959 /* Main.storyboard in Resources */ = {isa = PBXBuildFile; fileRef = BEC6730B1F9C3C61003B4959 /* Main.storyboard */; };
		BEC6730F1F9C3C61003B4959 /* Assets.xcassets in Resources */ = {isa = PBXBuildFile; fileRef = BEC6730E1F9C3C61003B4959 /* Assets.xcassets */; };
		BEC673121F9C3C61003B4959 /* LaunchScreen.storyboard in Resources */ = {isa = PBXBuildFile; fileRef = BEC673101F9C3C61003B4959 /* LaunchScreen.storyboard */; };
/* End PBXBuildFile section */

/* Begin PBXFileReference section */
		301E254A167DB6A4CF998C10 /* libPods-Diary.a */ = {isa = PBXFileReference; explicitFileType = archive.ar; includeInIndex = 0; path = "libPods-Diary.a"; sourceTree = BUILT_PRODUCTS_DIR; };
		802674CE257C04879F7480D8 /* Pods-Diary.release.xcconfig */ = {isa = PBXFileReference; includeInIndex = 1; lastKnownFileType = text.xcconfig; name = "Pods-Diary.release.xcconfig"; path = "Pods/Target Support Files/Pods-Diary/Pods-Diary.release.xcconfig"; sourceTree = "<group>"; };
		906BB077034AD00AB4B0153E /* Pods-Diary.debug.xcconfig */ = {isa = PBXFileReference; includeInIndex = 1; lastKnownFileType = text.xcconfig; name = "Pods-Diary.debug.xcconfig"; path = "Pods/Target Support Files/Pods-Diary/Pods-Diary.debug.xcconfig"; sourceTree = "<group>"; };
		BEC672FF1F9C3C61003B4959 /* Diary.app */ = {isa = PBXFileReference; explicitFileType = wrapper.application; includeInIndex = 0; path = Diary.app; sourceTree = BUILT_PRODUCTS_DIR; };
		BEC673031F9C3C61003B4959 /* main.m */ = {isa = PBXFileReference; lastKnownFileType = sourcecode.c.objc; path = main.m; sourceTree = "<group>"; };
		BEC673051F9C3C61003B4959 /* AppDelegate.h */ = {isa = PBXFileReference; lastKnownFileType = sourcecode.c.h; path = AppDelegate.h; sourceTree = "<group>"; };
		BEC673061F9C3C61003B4959 /* AppDelegate.m */ = {isa = PBXFileReference; lastKnownFileType = sourcecode.c.objc; path = AppDelegate.m; sourceTree = "<group>"; };
		BEC673081F9C3C61003B4959 /* ViewController.h */ = {isa = PBXFileReference; lastKnownFileType = sourcecode.c.h; path = ViewController.h; sourceTree = "<group>"; };
		BEC673091F9C3C61003B4959 /* ViewController.m */ = {isa = PBXFileReference; lastKnownFileType = sourcecode.c.objc; path = ViewController.m; sourceTree = "<group>"; };
		BEC6730C1F9C3C61003B4959 /* Base */ = {isa = PBXFileReference; lastKnownFileType = file.storyboard; name = Base; path = Base.lproj/Main.storyboard; sourceTree = "<group>"; };
		BEC6730E1F9C3C61003B4959 /* Assets.xcassets */ = {isa = PBXFileReference; lastKnownFileType = folder.assetcatalog; path = Assets.xcassets; sourceTree = "<group>"; };
		BEC673111F9C3C61003B4959 /* Base */ = {isa = PBXFileReference; lastKnownFileType = file.storyboard; name = Base; path = Base.lproj/LaunchScreen.storyboard; sourceTree = "<group>"; };
		BEC673131F9C3C61003B4959 /* Info.plist */ = {isa = PBXFileReference; lastKnownFileType = text.plist.xml; path = Info.plist; sourceTree = "<group>"; };
/* End PBXFileReference section */

/* Begin PBXFrameworksBuildPhase section */
		BEC672FC1F9C3C61003B4959 /* Frameworks */ = {
			isa = PBXFrameworksBuildPhase;
			buildActionMask = 2147483647;
			files = (
				7B44D1FE8536831BC4B3E8B3 /* libPods-Diary.a in Frameworks */,
			);
			runOnlyForDeploymentPostprocessing = 0;
		};
/* End PBXFrameworksBuildPhase section */

/* Begin PBXGroup section */
		48BA39AC0BA651EAEFCAD257 /* Pods */ = {
			isa = PBXGroup;
			children = (
				906BB077034AD00AB4B0153E /* Pods-Diary.debug.xcconfig */,
				802674CE257C04879F7480D8 /* Pods-Diary.release.xcconfig */,
			);
			name = Pods;
			sourceTree = "<group>";
		};
		BEC672F61F9C3C61003B4959 = {
			isa = PBXGroup;
			children = (
				BEC673011F9C3C61003B4959 /* Diary */,
				BEC673001F9C3C61003B4959 /* Products */,
				48BA39AC0BA651EAEFCAD257 /* Pods */,
				DB0769D824933BB5EC3E6FE1 /* Frameworks */,
			);
			sourceTree = "<group>";
		};
		BEC673001F9C3C61003B4959 /* Products */ = {
			isa = PBXGroup;
			children = (
				BEC672FF1F9C3C61003B4959 /* Diary.app */,
			);
			name = Products;
			sourceTree = "<group>";
		};
		BEC673011F9C3C61003B4959 /* Diary */ = {
			isa = PBXGroup;
			children = (
				BEC673051F9C3C61003B4959 /* AppDelegate.h */,
				BEC673061F9C3C61003B4959 /* AppDelegate.m */,
				BEC673081F9C3C61003B4959 /* ViewController.h */,
				BEC673091F9C3C61003B4959 /* ViewController.m */,
				BEC6730B1F9C3C61003B4959 /* Main.storyboard */,
				BEC6730E1F9C3C61003B4959 /* Assets.xcassets */,
				BEC673101F9C3C61003B4959 /* LaunchScreen.storyboard */,
				BEC673131F9C3C61003B4959 /* Info.plist */,
				BEC673021F9C3C61003B4959 /* Supporting Files */,
			);
			path = Diary;
			sourceTree = "<group>";
		};
		BEC673021F9C3C61003B4959 /* Supporting Files */ = {
			isa = PBXGroup;
			children = (
				BEC673031F9C3C61003B4959 /* main.m */,
			);
			name = "Supporting Files";
			sourceTree = "<group>";
		};
		DB0769D824933BB5EC3E6FE1 /* Frameworks */ = {
			isa = PBXGroup;
			children = (
				301E254A167DB6A4CF998C10 /* libPods-Diary.a */,
			);
			name = Frameworks;
			sourceTree = "<group>";
		};
/* End PBXGroup section */

/* Begin PBXNativeTarget section */
		BEC672FE1F9C3C61003B4959 /* Diary */ = {
			isa = PBXNativeTarget;
			buildConfigurationList = BEC673161F9C3C61003B4959 /* Build configuration list for PBXNativeTarget "Diary" */;
			buildPhases = (
				D53347251E5C1A1BEAA4E498 /* [CP] Check Pods Manifest.lock */,
				BEC672FB1F9C3C61003B4959 /* Sources */,
				BEC672FC1F9C3C61003B4959 /* Frameworks */,
				BEC672FD1F9C3C61003B4959 /* Resources */,
				2BF4CF12F8FB2E0A5995F8A1 /* [CP] Embed Pods Frameworks */,
				2DCD172C0CE0B98372B92960 /* [CP] Copy Pods Resources */,
			);
			buildRules = (
			);
			dependencies = (
			);
			name = Diary;
			productName = Diary;
			productReference = BEC672FF1F9C3C61003B4959 /* Diary.app */;
			productType = "com.apple.product-type.application";
		};
/* End PBXNativeTarget section */

/* Begin PBXProject section */
		BEC672F71F9C3C61003B4959 /* Project object */ = {
			isa = PBXProject;
			attributes = {
				LastUpgradeCheck = 0830;
				ORGANIZATIONNAME = chenweibin;
				TargetAttributes = {
					BEC672FE1F9C3C61003B4959 = {
						CreatedOnToolsVersion = 8.3;
						ProvisioningStyle = Automatic;
					};
				};
			};
			buildConfigurationList = BEC672FA1F9C3C61003B4959 /* Build configuration list for PBXProject "Diary" */;
			compatibilityVersion = "Xcode 3.2";
			developmentRegion = English;
			hasScannedForEncodings = 0;
			knownRegions = (
				en,
				Base,
			);
			mainGroup = BEC672F61F9C3C61003B4959;
			productRefGroup = BEC673001F9C3C61003B4959 /* Products */;
			projectDirPath = "";
			projectRoot = "";
			targets = (
				BEC672FE1F9C3C61003B4959 /* Diary */,
			);
		};
/* End PBXProject section */

/* Begin PBXResourcesBuildPhase section */
		BEC672FD1F9C3C61003B4959 /* Resources */ = {
			isa = PBXResourcesBuildPhase;
			buildActionMask = 2147483647;
			files = (
				BEC673121F9C3C61003B4959 /* LaunchScreen.storyboard in Resources */,
				BEC6730F1F9C3C61003B4959 /* Assets.xcassets in Resources */,
				BEC6730D1F9C3C61003B4959 /* Main.storyboard in Resources */,
			);
			runOnlyForDeploymentPostprocessing = 0;
		};
/* End PBXResourcesBuildPhase section */

/* Begin PBXShellScriptBuildPhase section */
		2BF4CF12F8FB2E0A5995F8A1 /* [CP] Embed Pods Frameworks */ = {
			isa = PBXShellScriptBuildPhase;
			buildActionMask = 2147483647;
			files = (
			);
			inputPaths = (
			);
			name = "[CP] Embed Pods Frameworks";
			outputPaths = (
			);
			runOnlyForDeploymentPostprocessing = 0;
			shellPath = /bin/sh;
			shellScript = "\"${SRCROOT}/Pods/Target Support Files/Pods-Diary/Pods-Diary-frameworks.sh\"\n";
			showEnvVarsInLog = 0;
		};
		2DCD172C0CE0B98372B92960 /* [CP] Copy Pods Resources */ = {
			isa = PBXShellScriptBuildPhase;
			buildActionMask = 2147483647;
			files = (
			);
			inputPaths = (
			);
			name = "[CP] Copy Pods Resources";
			outputPaths = (
			);
			runOnlyForDeploymentPostprocessing = 0;
			shellPath = /bin/sh;
			shellScript = "\"${SRCROOT}/Pods/Target Support Files/Pods-Diary/Pods-Diary-resources.sh\"\n";
			showEnvVarsInLog = 0;
		};
		D53347251E5C1A1BEAA4E498 /* [CP] Check Pods Manifest.lock */ = {
			isa = PBXShellScriptBuildPhase;
			buildActionMask = 2147483647;
			files = (
			);
			inputPaths = (
			);
			name = "[CP] Check Pods Manifest.lock";
			outputPaths = (
			);
			runOnlyForDeploymentPostprocessing = 0;
			shellPath = /bin/sh;
			shellScript = "diff \"${PODS_ROOT}/../Podfile.lock\" \"${PODS_ROOT}/Manifest.lock\" > /dev/null\nif [ $? != 0 ] ; then\n    # print error to STDERR\n    echo \"error: The sandbox is not in sync with the Podfile.lock. Run 'pod install' or update your CocoaPods installation.\" >&2\n    exit 1\nfi\n";
			showEnvVarsInLog = 0;
		};
/* End PBXShellScriptBuildPhase section */

/* Begin PBXSourcesBuildPhase section */
		BEC672FB1F9C3C61003B4959 /* Sources */ = {
			isa = PBXSourcesBuildPhase;
			buildActionMask = 2147483647;
			files = (
				BEC6730A1F9C3C61003B4959 /* ViewController.m in Sources */,
				BEC673071F9C3C61003B4959 /* AppDelegate.m in Sources */,
				BEC673041F9C3C61003B4959 /* main.m in Sources */,
			);
			runOnlyForDeploymentPostprocessing = 0;
		};
/* End PBXSourcesBuildPhase section */

/* Begin PBXVariantGroup section */
		BEC6730B1F9C3C61003B4959 /* Main.storyboard */ = {
			isa = PBXVariantGroup;
			children = (
				BEC6730C1F9C3C61003B4959 /* Base */,
			);
			name = Main.storyboard;
			sourceTree = "<group>";
		};
		BEC673101F9C3C61003B4959 /* LaunchScreen.storyboard */ = {
			isa = PBXVariantGroup;
			children = (
				BEC673111F9C3C61003B4959 /* Base */,
			);
			name = LaunchScreen.storyboard;
			sourceTree = "<group>";
		};
/* End PBXVariantGroup section */

/* Begin XCBuildConfiguration section */
		BEC673141F9C3C61003B4959 /* Debug */ = {
			isa = XCBuildConfiguration;
			buildSettings = {
				ALWAYS_SEARCH_USER_PATHS = NO;
				CLANG_ANALYZER_NONNULL = YES;
				CLANG_ANALYZER_NUMBER_OBJECT_CONVERSION = YES_AGGRESSIVE;
				CLANG_CXX_LANGUAGE_STANDARD = "gnu++0x";
				CLANG_CXX_LIBRARY = "libc++";
				CLANG_ENABLE_MODULES = YES;
				CLANG_ENABLE_OBJC_ARC = YES;
				CLANG_WARN_BOOL_CONVERSION = YES;
				CLANG_WARN_CONSTANT_CONVERSION = YES;
				CLANG_WARN_DIRECT_OBJC_ISA_USAGE = YES_ERROR;
				CLANG_WARN_DOCUMENTATION_COMMENTS = YES;
				CLANG_WARN_EMPTY_BODY = YES;
				CLANG_WARN_ENUM_CONVERSION = YES;
				CLANG_WARN_INFINITE_RECURSION = YES;
				CLANG_WARN_INT_CONVERSION = YES;
				CLANG_WARN_OBJC_ROOT_CLASS = YES_ERROR;
				CLANG_WARN_SUSPICIOUS_MOVE = YES;
				CLANG_WARN_UNREACHABLE_CODE = YES;
				CLANG_WARN__DUPLICATE_METHOD_MATCH = YES;
				"CODE_SIGN_IDENTITY[sdk=iphoneos*]" = "iPhone Developer";
				COPY_PHASE_STRIP = NO;
				DEBUG_INFORMATION_FORMAT = dwarf;
				ENABLE_STRICT_OBJC_MSGSEND = YES;
				ENABLE_TESTABILITY = YES;
				GCC_C_LANGUAGE_STANDARD = gnu99;
				GCC_DYNAMIC_NO_PIC = NO;
				GCC_NO_COMMON_BLOCKS = YES;
				GCC_OPTIMIZATION_LEVEL = 0;
				GCC_PREPROCESSOR_DEFINITIONS = (
					"DEBUG=1",
					"$(inherited)",
				);
				GCC_WARN_64_TO_32_BIT_CONVERSION = YES;
				GCC_WARN_ABOUT_RETURN_TYPE = YES_ERROR;
				GCC_WARN_UNDECLARED_SELECTOR = YES;
				GCC_WARN_UNINITIALIZED_AUTOS = YES_AGGRESSIVE;
				GCC_WARN_UNUSED_FUNCTION = YES;
				GCC_WARN_UNUSED_VARIABLE = YES;
				IPHONEOS_DEPLOYMENT_TARGET = 10.3;
				MTL_ENABLE_DEBUG_INFO = YES;
				ONLY_ACTIVE_ARCH = YES;
				SDKROOT = iphoneos;
			};
			name = Debug;
		};
		BEC673151F9C3C61003B4959 /* Release */ = {
			isa = XCBuildConfiguration;
			buildSettings = {
				ALWAYS_SEARCH_USER_PATHS = NO;
				CLANG_ANALYZER_NONNULL = YES;
				CLANG_ANALYZER_NUMBER_OBJECT_CONVERSION = YES_AGGRESSIVE;
				CLANG_CXX_LANGUAGE_STANDARD = "gnu++0x";
				CLANG_CXX_LIBRARY = "libc++";
				CLANG_ENABLE_MODULES = YES;
				CLANG_ENABLE_OBJC_ARC = YES;
				CLANG_WARN_BOOL_CONVERSION = YES;
				CLANG_WARN_CONSTANT_CONVERSION = YES;
				CLANG_WARN_DIRECT_OBJC_ISA_USAGE = YES_ERROR;
				CLANG_WARN_DOCUMENTATION_COMMENTS = YES;
				CLANG_WARN_EMPTY_BODY = YES;
				CLANG_WARN_ENUM_CONVERSION = YES;
				CLANG_WARN_INFINITE_RECURSION = YES;
				CLANG_WARN_INT_CONVERSION = YES;
				CLANG_WARN_OBJC_ROOT_CLASS = YES_ERROR;
				CLANG_WARN_SUSPICIOUS_MOVE = YES;
				CLANG_WARN_UNREACHABLE_CODE = YES;
				CLANG_WARN__DUPLICATE_METHOD_MATCH = YES;
				"CODE_SIGN_IDENTITY[sdk=iphoneos*]" = "iPhone Developer";
				COPY_PHASE_STRIP = NO;
				DEBUG_INFORMATION_FORMAT = "dwarf-with-dsym";
				ENABLE_NS_ASSERTIONS = NO;
				ENABLE_STRICT_OBJC_MSGSEND = YES;
				GCC_C_LANGUAGE_STANDARD = gnu99;
				GCC_NO_COMMON_BLOCKS = YES;
				GCC_WARN_64_TO_32_BIT_CONVERSION = YES;
				GCC_WARN_ABOUT_RETURN_TYPE = YES_ERROR;
				GCC_WARN_UNDECLARED_SELECTOR = YES;
				GCC_WARN_UNINITIALIZED_AUTOS = YES_AGGRESSIVE;
				GCC_WARN_UNUSED_FUNCTION = YES;
				GCC_WARN_UNUSED_VARIABLE = YES;
				IPHONEOS_DEPLOYMENT_TARGET = 10.3;
				MTL_ENABLE_DEBUG_INFO = NO;
				SDKROOT = iphoneos;
				VALIDATE_PRODUCT = YES;
			};
			name = Release;
		};
		BEC673171F9C3C61003B4959 /* Debug */ = {
			isa = XCBuildConfiguration;
			baseConfigurationReference = 906BB077034AD00AB4B0153E /* Pods-Diary.debug.xcconfig */;
			buildSettings = {
				ASSETCATALOG_COMPILER_APPICON_NAME = AppIcon;
				INFOPLIST_FILE = Diary/Info.plist;
				LD_RUNPATH_SEARCH_PATHS = "$(inherited) @executable_path/Frameworks";
				PRODUCT_BUNDLE_IDENTIFIER = Zy.Diary;
				PRODUCT_NAME = "$(TARGET_NAME)";
			};
			name = Debug;
		};
		BEC673181F9C3C61003B4959 /* Release */ = {
			isa = XCBuildConfiguration;
			baseConfigurationReference = 802674CE257C04879F7480D8 /* Pods-Diary.release.xcconfig */;
			buildSettings = {
				ASSETCATALOG_COMPILER_APPICON_NAME = AppIcon;
				INFOPLIST_FILE = Diary/Info.plist;
				LD_RUNPATH_SEARCH_PATHS = "$(inherited) @executable_path/Frameworks";
				PRODUCT_BUNDLE_IDENTIFIER = Zy.Diary;
				PRODUCT_NAME = "$(TARGET_NAME)";
			};
			name = Release;
		};
/* End XCBuildConfiguration section */

/* Begin XCConfigurationList section */
		BEC672FA1F9C3C61003B4959 /* Build configuration list for PBXProject "Diary" */ = {
			isa = XCConfigurationList;
			buildConfigurations = (
				BEC673141F9C3C61003B4959 /* Debug */,
				BEC673151F9C3C61003B4959 /* Release */,
			);
			defaultConfigurationIsVisible = 0;
			defaultConfigurationName = Release;
		};
		BEC673161F9C3C61003B4959 /* Build configuration list for PBXNativeTarget "Diary" */ = {
			isa = XCConfigurationList;
			buildConfigurations = (
				BEC673171F9C3C61003B4959 /* Debug */,
				BEC673181F9C3C61003B4959 /* Release */,
			);
			defaultConfigurationIsVisible = 0;
		};
/* End XCConfigurationList section */
	};
	rootObject = BEC672F71F9C3C61003B4959 /* Project object */;
}
