// !$*UTF8*$!
{
	archiveVersion = 1;
	classes = {
	};
	objectVersion = 46;
	objects = {

/* Begin PBXBuildFile section */
		10E875311F9F219400BDAE4E /* MyCell.m in Sources */ = {isa = PBXBuildFile; fileRef = 10E8752F1F9F219400BDAE4E /* MyCell.m */; };
		10E875321F9F219400BDAE4E /* MyCell.xib in Resources */ = {isa = PBXBuildFile; fileRef = 10E875301F9F219400BDAE4E /* MyCell.xib */; };
		10E875361F9F229E00BDAE4E /* NetworkTool.m in Sources */ = {isa = PBXBuildFile; fileRef = 10E875351F9F229E00BDAE4E /* NetworkTool.m */; };
		10E875391F9F236D00BDAE4E /* dModel.m in Sources */ = {isa = PBXBuildFile; fileRef = 10E875381F9F236D00BDAE4E /* dModel.m */; };
		10E8753C1F9F26D900BDAE4E /* ZyDiaryCell.m in Sources */ = {isa = PBXBuildFile; fileRef = 10E8753B1F9F26D900BDAE4E /* ZyDiaryCell.m */; };
		10E8753F1F9F2C2800BDAE4E /* ZYUserManager.m in Sources */ = {isa = PBXBuildFile; fileRef = 10E8753E1F9F2C2800BDAE4E /* ZYUserManager.m */; };
		10E875431F9F2F1F00BDAE4E /* IPViewController.m in Sources */ = {isa = PBXBuildFile; fileRef = 10E875411F9F2F1F00BDAE4E /* IPViewController.m */; };
		10E875441F9F2F1F00BDAE4E /* IPViewController.xib in Resources */ = {isa = PBXBuildFile; fileRef = 10E875421F9F2F1F00BDAE4E /* IPViewController.xib */; };
		10E875471F9F385600BDAE4E /* WriteVC.m in Sources */ = {isa = PBXBuildFile; fileRef = 10E875461F9F385600BDAE4E /* WriteVC.m */; };
		10E875501F9F3D2800BDAE4E /* UIBarButtonItem+CH.m in Sources */ = {isa = PBXBuildFile; fileRef = 10E8754B1F9F3D2800BDAE4E /* UIBarButtonItem+CH.m */; };
		10E875511F9F3D2800BDAE4E /* UIImage+CH.m in Sources */ = {isa = PBXBuildFile; fileRef = 10E8754D1F9F3D2800BDAE4E /* UIImage+CH.m */; };
		10E875521F9F3D2800BDAE4E /* UIView+GFFrame.m in Sources */ = {isa = PBXBuildFile; fileRef = 10E8754F1F9F3D2800BDAE4E /* UIView+GFFrame.m */; };
		7B44D1FE8536831BC4B3E8B3 /* libPods-Diary.a in Frameworks */ = {isa = PBXBuildFile; fileRef = 301E254A167DB6A4CF998C10 /* libPods-Diary.a */; };
		BEC673041F9C3C61003B4959 /* main.m in Sources */ = {isa = PBXBuildFile; fileRef = BEC673031F9C3C61003B4959 /* main.m */; };
		BEC673071F9C3C61003B4959 /* AppDelegate.m in Sources */ = {isa = PBXBuildFile; fileRef = BEC673061F9C3C61003B4959 /* AppDelegate.m */; };
		BEC6730A1F9C3C61003B4959 /* ViewController.m in Sources */ = {isa = PBXBuildFile; fileRef = BEC673091F9C3C61003B4959 /* ViewController.m */; };
		BEC6730D1F9C3C61003B4959 /* Main.storyboard in Resources */ = {isa = PBXBuildFile; fileRef = BEC6730B1F9C3C61003B4959 /* Main.storyboard */; };
		BEC6730F1F9C3C61003B4959 /* Assets.xcassets in Resources */ = {isa = PBXBuildFile; fileRef = BEC6730E1F9C3C61003B4959 /* Assets.xcassets */; };
		BEC673121F9C3C61003B4959 /* LaunchScreen.storyboard in Resources */ = {isa = PBXBuildFile; fileRef = BEC673101F9C3C61003B4959 /* LaunchScreen.storyboard */; };
		BEC673231F9C3F90003B4959 /* DiaryVC.m in Sources */ = {isa = PBXBuildFile; fileRef = BEC673221F9C3F90003B4959 /* DiaryVC.m */; };
		BEC673281F9C4259003B4959 /* CJNavigationController.m in Sources */ = {isa = PBXBuildFile; fileRef = BEC673271F9C4259003B4959 /* CJNavigationController.m */; };
		BEC6732E1F9C426F003B4959 /* LLTabBar.m in Sources */ = {isa = PBXBuildFile; fileRef = BEC6732B1F9C426F003B4959 /* LLTabBar.m */; };
		BEC6732F1F9C426F003B4959 /* LLTabBarItem.m in Sources */ = {isa = PBXBuildFile; fileRef = BEC6732D1F9C426F003B4959 /* LLTabBarItem.m */; };
		BEC673351F9CB848003B4959 /* ZYMainVC.m in Sources */ = {isa = PBXBuildFile; fileRef = BEC673341F9CB848003B4959 /* ZYMainVC.m */; };
		BEC673381F9CB882003B4959 /* MyVC.m in Sources */ = {isa = PBXBuildFile; fileRef = BEC673371F9CB882003B4959 /* MyVC.m */; };
/* End PBXBuildFile section */

/* Begin PBXFileReference section */
		10E8752E1F9F219400BDAE4E /* MyCell.h */ = {isa = PBXFileReference; fileEncoding = 4; lastKnownFileType = sourcecode.c.h; path = MyCell.h; sourceTree = "<group>"; };
		10E8752F1F9F219400BDAE4E /* MyCell.m */ = {isa = PBXFileReference; fileEncoding = 4; lastKnownFileType = sourcecode.c.objc; path = MyCell.m; sourceTree = "<group>"; };
		10E875301F9F219400BDAE4E /* MyCell.xib */ = {isa = PBXFileReference; fileEncoding = 4; lastKnownFileType = file.xib; path = MyCell.xib; sourceTree = "<group>"; };
		10E875341F9F229E00BDAE4E /* NetworkTool.h */ = {isa = PBXFileReference; fileEncoding = 4; lastKnownFileType = sourcecode.c.h; path = NetworkTool.h; sourceTree = "<group>"; };
		10E875351F9F229E00BDAE4E /* NetworkTool.m */ = {isa = PBXFileReference; fileEncoding = 4; lastKnownFileType = sourcecode.c.objc; path = NetworkTool.m; sourceTree = "<group>"; };
		10E875371F9F236D00BDAE4E /* dModel.h */ = {isa = PBXFileReference; fileEncoding = 4; lastKnownFileType = sourcecode.c.h; path = dModel.h; sourceTree = "<group>"; };
		10E875381F9F236D00BDAE4E /* dModel.m */ = {isa = PBXFileReference; fileEncoding = 4; lastKnownFileType = sourcecode.c.objc; path = dModel.m; sourceTree = "<group>"; };
		10E8753A1F9F26D900BDAE4E /* ZyDiaryCell.h */ = {isa = PBXFileReference; fileEncoding = 4; lastKnownFileType = sourcecode.c.h; path = ZyDiaryCell.h; sourceTree = "<group>"; };
		10E8753B1F9F26D900BDAE4E /* ZyDiaryCell.m */ = {isa = PBXFileReference; fileEncoding = 4; lastKnownFileType = sourcecode.c.objc; path = ZyDiaryCell.m; sourceTree = "<group>"; };
		10E8753D1F9F2C2800BDAE4E /* ZYUserManager.h */ = {isa = PBXFileReference; fileEncoding = 4; lastKnownFileType = sourcecode.c.h; path = ZYUserManager.h; sourceTree = "<group>"; };
		10E8753E1F9F2C2800BDAE4E /* ZYUserManager.m */ = {isa = PBXFileReference; fileEncoding = 4; lastKnownFileType = sourcecode.c.objc; path = ZYUserManager.m; sourceTree = "<group>"; };
		10E875401F9F2F1F00BDAE4E /* IPViewController.h */ = {isa = PBXFileReference; fileEncoding = 4; lastKnownFileType = sourcecode.c.h; path = IPViewController.h; sourceTree = "<group>"; };
		10E875411F9F2F1F00BDAE4E /* IPViewController.m */ = {isa = PBXFileReference; fileEncoding = 4; lastKnownFileType = sourcecode.c.objc; path = IPViewController.m; sourceTree = "<group>"; };
		10E875421F9F2F1F00BDAE4E /* IPViewController.xib */ = {isa = PBXFileReference; fileEncoding = 4; lastKnownFileType = file.xib; path = IPViewController.xib; sourceTree = "<group>"; };
		10E875451F9F385600BDAE4E /* WriteVC.h */ = {isa = PBXFileReference; fileEncoding = 4; lastKnownFileType = sourcecode.c.h; path = WriteVC.h; sourceTree = "<group>"; };
		10E875461F9F385600BDAE4E /* WriteVC.m */ = {isa = PBXFileReference; fileEncoding = 4; lastKnownFileType = sourcecode.c.objc; path = WriteVC.m; sourceTree = "<group>"; };
		10E8754A1F9F3D2800BDAE4E /* UIBarButtonItem+CH.h */ = {isa = PBXFileReference; fileEncoding = 4; lastKnownFileType = sourcecode.c.h; path = "UIBarButtonItem+CH.h"; sourceTree = "<group>"; };
		10E8754B1F9F3D2800BDAE4E /* UIBarButtonItem+CH.m */ = {isa = PBXFileReference; fileEncoding = 4; lastKnownFileType = sourcecode.c.objc; path = "UIBarButtonItem+CH.m"; sourceTree = "<group>"; };
		10E8754C1F9F3D2800BDAE4E /* UIImage+CH.h */ = {isa = PBXFileReference; fileEncoding = 4; lastKnownFileType = sourcecode.c.h; path = "UIImage+CH.h"; sourceTree = "<group>"; };
		10E8754D1F9F3D2800BDAE4E /* UIImage+CH.m */ = {isa = PBXFileReference; fileEncoding = 4; lastKnownFileType = sourcecode.c.objc; path = "UIImage+CH.m"; sourceTree = "<group>"; };
		10E8754E1F9F3D2800BDAE4E /* UIView+GFFrame.h */ = {isa = PBXFileReference; fileEncoding = 4; lastKnownFileType = sourcecode.c.h; path = "UIView+GFFrame.h"; sourceTree = "<group>"; };
		10E8754F1F9F3D2800BDAE4E /* UIView+GFFrame.m */ = {isa = PBXFileReference; fileEncoding = 4; lastKnownFileType = sourcecode.c.objc; path = "UIView+GFFrame.m"; sourceTree = "<group>"; };
		301E254A167DB6A4CF998C10 /* libPods-Diary.a */ = {isa = PBXFileReference; explicitFileType = archive.ar; includeInIndex = 0; path = "libPods-Diary.a"; sourceTree = BUILT_PRODUCTS_DIR; };
		802674CE257C04879F7480D8 /* Pods-Diary.release.xcconfig */ = {isa = PBXFileReference; includeInIndex = 1; lastKnownFileType = text.xcconfig; name = "Pods-Diary.release.xcconfig"; path = "Pods/Target Support Files/Pods-Diary/Pods-Diary.release.xcconfig"; sourceTree = "<group>"; };
		906BB077034AD00AB4B0153E /* Pods-Diary.debug.xcconfig */ = {isa = PBXFileReference; includeInIndex = 1; lastKnownFileType = text.xcconfig; name = "Pods-Diary.debug.xcconfig"; path = "Pods/Target Support Files/Pods-Diary/Pods-Diary.debug.xcconfig"; sourceTree = "<group>"; };
		BEC672FF1F9C3C61003B4959 /* Diary.app */ = {isa = PBXFileReference; explicitFileType = wrapper.application; includeInIndex = 0; path = Diary.app; sourceTree = BUILT_PRODUCTS_DIR; };
		BEC673031F9C3C61003B4959 /* main.m */ = {isa = PBXFileReference; lastKnownFileType = sourcecode.c.objc; path = main.m; sourceTree = "<group>"; };
		BEC673051F9C3C61003B4959 /* AppDelegate.h */ = {isa = PBXFileReference; lastKnownFileType = sourcecode.c.h; path = AppDelegate.h; sourceTree = "<group>"; };
		BEC673061F9C3C61003B4959 /* AppDelegate.m */ = {isa = PBXFileReference; lastKnownFileType = sourcecode.c.objc; path = AppDelegate.m; sourceTree = "<group>"; };
		BEC673081F9C3C61003B4959 /* ViewController.h */ = {isa = PBXFileReference; lastKnownFileType = sourcecode.c.h; path = ViewController.h; sourceTree = "<group>"; };
		BEC673091F9C3C61003B4959 /* ViewController.m */ = {isa = PBXFileReference; lastKnownFileType = sourcecode.c.objc; path = ViewController.m; sourceTree = "<group>"; };
		BEC6730C1F9C3C61003B4959 /* Base */ = {isa = PBXFileReference; lastKnownFileType = file.storyboard; name = Base; path = Base.lproj/Main.storyboard; sourceTree = "<group>"; };
		BEC6730E1F9C3C61003B4959 /* Assets.xcassets */ = {isa = PBXFileReference; lastKnownFileType = folder.assetcatalog; path = Assets.xcassets; sourceTree = "<group>"; };
		BEC673111F9C3C61003B4959 /* Base */ = {isa = PBXFileReference; lastKnownFileType = file.storyboard; name = Base; path = Base.lproj/LaunchScreen.storyboard; sourceTree = "<group>"; };
		BEC673131F9C3C61003B4959 /* Info.plist */ = {isa = PBXFileReference; lastKnownFileType = text.plist.xml; path = Info.plist; sourceTree = "<group>"; };
		BEC673211F9C3F90003B4959 /* DiaryVC.h */ = {isa = PBXFileReference; fileEncoding = 4; lastKnownFileType = sourcecode.c.h; path = DiaryVC.h; sourceTree = "<group>"; };
		BEC673221F9C3F90003B4959 /* DiaryVC.m */ = {isa = PBXFileReference; fileEncoding = 4; lastKnownFileType = sourcecode.c.objc; path = DiaryVC.m; sourceTree = "<group>"; };
		BEC673261F9C4259003B4959 /* CJNavigationController.h */ = {isa = PBXFileReference; fileEncoding = 4; lastKnownFileType = sourcecode.c.h; path = CJNavigationController.h; sourceTree = "<group>"; };
		BEC673271F9C4259003B4959 /* CJNavigationController.m */ = {isa = PBXFileReference; fileEncoding = 4; lastKnownFileType = sourcecode.c.objc; path = CJNavigationController.m; sourceTree = "<group>"; };
		BEC6732A1F9C426F003B4959 /* LLTabBar.h */ = {isa = PBXFileReference; fileEncoding = 4; lastKnownFileType = sourcecode.c.h; path = LLTabBar.h; sourceTree = "<group>"; };
		BEC6732B1F9C426F003B4959 /* LLTabBar.m */ = {isa = PBXFileReference; fileEncoding = 4; lastKnownFileType = sourcecode.c.objc; path = LLTabBar.m; sourceTree = "<group>"; };
		BEC6732C1F9C426F003B4959 /* LLTabBarItem.h */ = {isa = PBXFileReference; fileEncoding = 4; lastKnownFileType = sourcecode.c.h; path = LLTabBarItem.h; sourceTree = "<group>"; };
		BEC6732D1F9C426F003B4959 /* LLTabBarItem.m */ = {isa = PBXFileReference; fileEncoding = 4; lastKnownFileType = sourcecode.c.objc; path = LLTabBarItem.m; sourceTree = "<group>"; };
		BEC673321F9C4830003B4959 /* PrefixHeader.pch */ = {isa = PBXFileReference; fileEncoding = 4; lastKnownFileType = sourcecode.c.h; path = PrefixHeader.pch; sourceTree = "<group>"; };
		BEC673331F9CB848003B4959 /* ZYMainVC.h */ = {isa = PBXFileReference; fileEncoding = 4; lastKnownFileType = sourcecode.c.h; path = ZYMainVC.h; sourceTree = "<group>"; };
		BEC673341F9CB848003B4959 /* ZYMainVC.m */ = {isa = PBXFileReference; fileEncoding = 4; lastKnownFileType = sourcecode.c.objc; path = ZYMainVC.m; sourceTree = "<group>"; };
		BEC673361F9CB882003B4959 /* MyVC.h */ = {isa = PBXFileReference; fileEncoding = 4; lastKnownFileType = sourcecode.c.h; path = MyVC.h; sourceTree = "<group>"; };
		BEC673371F9CB882003B4959 /* MyVC.m */ = {isa = PBXFileReference; fileEncoding = 4; lastKnownFileType = sourcecode.c.objc; path = MyVC.m; sourceTree = "<group>"; };
/* End PBXFileReference section */

/* Begin PBXFrameworksBuildPhase section */
		BEC672FC1F9C3C61003B4959 /* Frameworks */ = {
			isa = PBXFrameworksBuildPhase;
			buildActionMask = 2147483647;
			files = (
				7B44D1FE8536831BC4B3E8B3 /* libPods-Diary.a in Frameworks */,
			);
			runOnlyForDeploymentPostprocessing = 0;
		};
/* End PBXFrameworksBuildPhase section */

/* Begin PBXGroup section */
		10E875251F9F20FC00BDAE4E /* view */ = {
			isa = PBXGroup;
			children = (
				10E8752E1F9F219400BDAE4E /* MyCell.h */,
				10E8752F1F9F219400BDAE4E /* MyCell.m */,
				10E875301F9F219400BDAE4E /* MyCell.xib */,
			);
			path = view;
			sourceTree = "<group>";
		};
		10E875261F9F20FC00BDAE4E /* model */ = {
			isa = PBXGroup;
			children = (
			);
			path = model;
			sourceTree = "<group>";
		};
		10E875271F9F210F00BDAE4E /* model */ = {
			isa = PBXGroup;
			children = (
				10E875371F9F236D00BDAE4E /* dModel.h */,
				10E875381F9F236D00BDAE4E /* dModel.m */,
			);
			path = model;
			sourceTree = "<group>";
		};
		10E875281F9F210F00BDAE4E /* view */ = {
			isa = PBXGroup;
			children = (
				10E8753A1F9F26D900BDAE4E /* ZyDiaryCell.h */,
				10E8753B1F9F26D900BDAE4E /* ZyDiaryCell.m */,
			);
			path = view;
			sourceTree = "<group>";
		};
		10E875331F9F229E00BDAE4E /* Tools */ = {
			isa = PBXGroup;
			children = (
				10E875341F9F229E00BDAE4E /* NetworkTool.h */,
				10E875351F9F229E00BDAE4E /* NetworkTool.m */,
				10E8753D1F9F2C2800BDAE4E /* ZYUserManager.h */,
				10E8753E1F9F2C2800BDAE4E /* ZYUserManager.m */,
			);
			path = Tools;
			sourceTree = "<group>";
		};
		10E875481F9F3D1B00BDAE4E /* customTool */ = {
			isa = PBXGroup;
			children = (
				10E875491F9F3D2800BDAE4E /* ZYBarItem */,
			);
			path = customTool;
			sourceTree = "<group>";
		};
		10E875491F9F3D2800BDAE4E /* ZYBarItem */ = {
			isa = PBXGroup;
			children = (
				10E8754A1F9F3D2800BDAE4E /* UIBarButtonItem+CH.h */,
				10E8754B1F9F3D2800BDAE4E /* UIBarButtonItem+CH.m */,
				10E8754C1F9F3D2800BDAE4E /* UIImage+CH.h */,
				10E8754D1F9F3D2800BDAE4E /* UIImage+CH.m */,
				10E8754E1F9F3D2800BDAE4E /* UIView+GFFrame.h */,
				10E8754F1F9F3D2800BDAE4E /* UIView+GFFrame.m */,
			);
			path = ZYBarItem;
			sourceTree = "<group>";
		};
		48BA39AC0BA651EAEFCAD257 /* Pods */ = {
			isa = PBXGroup;
			children = (
				906BB077034AD00AB4B0153E /* Pods-Diary.debug.xcconfig */,
				802674CE257C04879F7480D8 /* Pods-Diary.release.xcconfig */,
			);
			name = Pods;
			sourceTree = "<group>";
		};
		BEC672F61F9C3C61003B4959 = {
			isa = PBXGroup;
			children = (
				BEC673011F9C3C61003B4959 /* Diary */,
				BEC673001F9C3C61003B4959 /* Products */,
				48BA39AC0BA651EAEFCAD257 /* Pods */,
				DB0769D824933BB5EC3E6FE1 /* Frameworks */,
			);
			sourceTree = "<group>";
		};
		BEC673001F9C3C61003B4959 /* Products */ = {
			isa = PBXGroup;
			children = (
				BEC672FF1F9C3C61003B4959 /* Diary.app */,
			);
			name = Products;
			sourceTree = "<group>";
		};
		BEC673011F9C3C61003B4959 /* Diary */ = {
			isa = PBXGroup;
			children = (
				BEC673051F9C3C61003B4959 /* AppDelegate.h */,
				BEC673061F9C3C61003B4959 /* AppDelegate.m */,
				BEC673081F9C3C61003B4959 /* ViewController.h */,
				BEC673091F9C3C61003B4959 /* ViewController.m */,
				BEC673331F9CB848003B4959 /* ZYMainVC.h */,
				BEC673341F9CB848003B4959 /* ZYMainVC.m */,
				BEC673321F9C4830003B4959 /* PrefixHeader.pch */,
				10E875481F9F3D1B00BDAE4E /* customTool */,
				BEC673191F9C3F67003B4959 /* Diary */,
				BEC6731D1F9C3F7B003B4959 /* my */,
				10E875331F9F229E00BDAE4E /* Tools */,
				BEC673241F9C4239003B4959 /* GitPack */,
				BEC6730B1F9C3C61003B4959 /* Main.storyboard */,
				BEC6730E1F9C3C61003B4959 /* Assets.xcassets */,
				BEC673101F9C3C61003B4959 /* LaunchScreen.storyboard */,
				BEC673131F9C3C61003B4959 /* Info.plist */,
				BEC673021F9C3C61003B4959 /* Supporting Files */,
			);
			path = Diary;
			sourceTree = "<group>";
		};
		BEC673021F9C3C61003B4959 /* Supporting Files */ = {
			isa = PBXGroup;
			children = (
				BEC673031F9C3C61003B4959 /* main.m */,
			);
			name = "Supporting Files";
			sourceTree = "<group>";
		};
		BEC673191F9C3F67003B4959 /* Diary */ = {
			isa = PBXGroup;
			children = (
				BEC6731A1F9C3F67003B4959 /* controller */,
				10E875271F9F210F00BDAE4E /* model */,
				10E875281F9F210F00BDAE4E /* view */,
			);
			path = Diary;
			sourceTree = "<group>";
		};
		BEC6731A1F9C3F67003B4959 /* controller */ = {
			isa = PBXGroup;
			children = (
				BEC673211F9C3F90003B4959 /* DiaryVC.h */,
				BEC673221F9C3F90003B4959 /* DiaryVC.m */,
				10E875451F9F385600BDAE4E /* WriteVC.h */,
				10E875461F9F385600BDAE4E /* WriteVC.m */,
			);
			path = controller;
			sourceTree = "<group>";
		};
		BEC6731D1F9C3F7B003B4959 /* my */ = {
			isa = PBXGroup;
			children = (
				BEC6731E1F9C3F7B003B4959 /* controller */,
				10E875251F9F20FC00BDAE4E /* view */,
				10E875261F9F20FC00BDAE4E /* model */,
			);
			path = my;
			sourceTree = "<group>";
		};
		BEC6731E1F9C3F7B003B4959 /* controller */ = {
			isa = PBXGroup;
			children = (
				BEC673361F9CB882003B4959 /* MyVC.h */,
				BEC673371F9CB882003B4959 /* MyVC.m */,
				10E875401F9F2F1F00BDAE4E /* IPViewController.h */,
				10E875411F9F2F1F00BDAE4E /* IPViewController.m */,
				10E875421F9F2F1F00BDAE4E /* IPViewController.xib */,
			);
			path = controller;
			sourceTree = "<group>";
		};
		BEC673241F9C4239003B4959 /* GitPack */ = {
			isa = PBXGroup;
			children = (
				BEC673291F9C426F003B4959 /* LLTabBar */,
				BEC673251F9C4259003B4959 /* CJNavigationController */,
			);
			path = GitPack;
			sourceTree = "<group>";
		};
		BEC673251F9C4259003B4959 /* CJNavigationController */ = {
			isa = PBXGroup;
			children = (
				BEC673261F9C4259003B4959 /* CJNavigationController.h */,
				BEC673271F9C4259003B4959 /* CJNavigationController.m */,
			);
			path = CJNavigationController;
			sourceTree = "<group>";
		};
		BEC673291F9C426F003B4959 /* LLTabBar */ = {
			isa = PBXGroup;
			children = (
				BEC6732A1F9C426F003B4959 /* LLTabBar.h */,
				BEC6732B1F9C426F003B4959 /* LLTabBar.m */,
				BEC6732C1F9C426F003B4959 /* LLTabBarItem.h */,
				BEC6732D1F9C426F003B4959 /* LLTabBarItem.m */,
			);
			path = LLTabBar;
			sourceTree = "<group>";
		};
		DB0769D824933BB5EC3E6FE1 /* Frameworks */ = {
			isa = PBXGroup;
			children = (
				301E254A167DB6A4CF998C10 /* libPods-Diary.a */,
			);
			name = Frameworks;
			sourceTree = "<group>";
		};
/* End PBXGroup section */

/* Begin PBXNativeTarget section */
		BEC672FE1F9C3C61003B4959 /* Diary */ = {
			isa = PBXNativeTarget;
			buildConfigurationList = BEC673161F9C3C61003B4959 /* Build configuration list for PBXNativeTarget "Diary" */;
			buildPhases = (
				D53347251E5C1A1BEAA4E498 /* [CP] Check Pods Manifest.lock */,
				BEC672FB1F9C3C61003B4959 /* Sources */,
				BEC672FC1F9C3C61003B4959 /* Frameworks */,
				BEC672FD1F9C3C61003B4959 /* Resources */,
				2BF4CF12F8FB2E0A5995F8A1 /* [CP] Embed Pods Frameworks */,
				2DCD172C0CE0B98372B92960 /* [CP] Copy Pods Resources */,
			);
			buildRules = (
			);
			dependencies = (
			);
			name = Diary;
			productName = Diary;
			productReference = BEC672FF1F9C3C61003B4959 /* Diary.app */;
			productType = "com.apple.product-type.application";
		};
/* End PBXNativeTarget section */

/* Begin PBXProject section */
		BEC672F71F9C3C61003B4959 /* Project object */ = {
			isa = PBXProject;
			attributes = {
				LastUpgradeCheck = 0830;
				ORGANIZATIONNAME = chenweibin;
				TargetAttributes = {
					BEC672FE1F9C3C61003B4959 = {
						CreatedOnToolsVersion = 8.3;
						DevelopmentTeam = 7X68WV2D5Z;
						ProvisioningStyle = Automatic;
					};
				};
			};
			buildConfigurationList = BEC672FA1F9C3C61003B4959 /* Build configuration list for PBXProject "Diary" */;
			compatibilityVersion = "Xcode 3.2";
			developmentRegion = English;
			hasScannedForEncodings = 0;
			knownRegions = (
				en,
				Base,
			);
			mainGroup = BEC672F61F9C3C61003B4959;
			productRefGroup = BEC673001F9C3C61003B4959 /* Products */;
			projectDirPath = "";
			projectRoot = "";
			targets = (
				BEC672FE1F9C3C61003B4959 /* Diary */,
			);
		};
/* End PBXProject section */

/* Begin PBXResourcesBuildPhase section */
		BEC672FD1F9C3C61003B4959 /* Resources */ = {
			isa = PBXResourcesBuildPhase;
			buildActionMask = 2147483647;
			files = (
				BEC673121F9C3C61003B4959 /* LaunchScreen.storyboard in Resources */,
				10E875321F9F219400BDAE4E /* MyCell.xib in Resources */,
				BEC6730F1F9C3C61003B4959 /* Assets.xcassets in Resources */,
				10E875441F9F2F1F00BDAE4E /* IPViewController.xib in Resources */,
				BEC6730D1F9C3C61003B4959 /* Main.storyboard in Resources */,
			);
			runOnlyForDeploymentPostprocessing = 0;
		};
/* End PBXResourcesBuildPhase section */

/* Begin PBXShellScriptBuildPhase section */
		2BF4CF12F8FB2E0A5995F8A1 /* [CP] Embed Pods Frameworks */ = {
			isa = PBXShellScriptBuildPhase;
			buildActionMask = 2147483647;
			files = (
			);
			inputPaths = (
			);
			name = "[CP] Embed Pods Frameworks";
			outputPaths = (
			);
			runOnlyForDeploymentPostprocessing = 0;
			shellPath = /bin/sh;
			shellScript = "\"${SRCROOT}/Pods/Target Support Files/Pods-Diary/Pods-Diary-frameworks.sh\"\n";
			showEnvVarsInLog = 0;
		};
		2DCD172C0CE0B98372B92960 /* [CP] Copy Pods Resources */ = {
			isa = PBXShellScriptBuildPhase;
			buildActionMask = 2147483647;
			files = (
			);
			inputPaths = (
				"${SRCROOT}/Pods/Target Support Files/Pods-Diary/Pods-Diary-resources.sh",
				"${PODS_ROOT}/IQKeyboardManager/IQKeyboardManager/Resources/IQKeyboardManager.bundle",
				"${PODS_ROOT}/MJRefresh/MJRefresh/MJRefresh.bundle",
			);
			name = "[CP] Copy Pods Resources";
			outputPaths = (
				"${TARGET_BUILD_DIR}/${UNLOCALIZED_RESOURCES_FOLDER_PATH}",
			);
			runOnlyForDeploymentPostprocessing = 0;
			shellPath = /bin/sh;
			shellScript = "\"${SRCROOT}/Pods/Target Support Files/Pods-Diary/Pods-Diary-resources.sh\"\n";
			showEnvVarsInLog = 0;
		};
		D53347251E5C1A1BEAA4E498 /* [CP] Check Pods Manifest.lock */ = {
			isa = PBXShellScriptBuildPhase;
			buildActionMask = 2147483647;
			files = (
			);
			inputPaths = (
				"${PODS_PODFILE_DIR_PATH}/Podfile.lock",
				"${PODS_ROOT}/Manifest.lock",
			);
			name = "[CP] Check Pods Manifest.lock";
			outputPaths = (
				"$(DERIVED_FILE_DIR)/Pods-Diary-checkManifestLockResult.txt",
			);
			runOnlyForDeploymentPostprocessing = 0;
			shellPath = /bin/sh;
			shellScript = "diff \"${PODS_PODFILE_DIR_PATH}/Podfile.lock\" \"${PODS_ROOT}/Manifest.lock\" > /dev/null\nif [ $? != 0 ] ; then\n    # print error to STDERR\n    echo \"error: The sandbox is not in sync with the Podfile.lock. Run 'pod install' or update your CocoaPods installation.\" >&2\n    exit 1\nfi\n# This output is used by Xcode 'outputs' to avoid re-running this script phase.\necho \"SUCCESS\" > \"${SCRIPT_OUTPUT_FILE_0}\"\n";
			showEnvVarsInLog = 0;
		};
/* End PBXShellScriptBuildPhase section */

/* Begin PBXSourcesBuildPhase section */
		BEC672FB1F9C3C61003B4959 /* Sources */ = {
			isa = PBXSourcesBuildPhase;
			buildActionMask = 2147483647;
			files = (
				10E875391F9F236D00BDAE4E /* dModel.m in Sources */,
				10E875501F9F3D2800BDAE4E /* UIBarButtonItem+CH.m in Sources */,
				BEC6730A1F9C3C61003B4959 /* ViewController.m in Sources */,
				BEC673071F9C3C61003B4959 /* AppDelegate.m in Sources */,
				10E8753F1F9F2C2800BDAE4E /* ZYUserManager.m in Sources */,
				BEC673381F9CB882003B4959 /* MyVC.m in Sources */,
				10E875311F9F219400BDAE4E /* MyCell.m in Sources */,
				BEC673281F9C4259003B4959 /* CJNavigationController.m in Sources */,
				BEC673231F9C3F90003B4959 /* DiaryVC.m in Sources */,
				10E875471F9F385600BDAE4E /* WriteVC.m in Sources */,
				10E875431F9F2F1F00BDAE4E /* IPViewController.m in Sources */,
				BEC673041F9C3C61003B4959 /* main.m in Sources */,
				10E875361F9F229E00BDAE4E /* NetworkTool.m in Sources */,
				BEC6732E1F9C426F003B4959 /* LLTabBar.m in Sources */,
				10E875511F9F3D2800BDAE4E /* UIImage+CH.m in Sources */,
				BEC673351F9CB848003B4959 /* ZYMainVC.m in Sources */,
				BEC6732F1F9C426F003B4959 /* LLTabBarItem.m in Sources */,
				10E8753C1F9F26D900BDAE4E /* ZyDiaryCell.m in Sources */,
				10E875521F9F3D2800BDAE4E /* UIView+GFFrame.m in Sources */,
			);
			runOnlyForDeploymentPostprocessing = 0;
		};
/* End PBXSourcesBuildPhase section */

/* Begin PBXVariantGroup section */
		BEC6730B1F9C3C61003B4959 /* Main.storyboard */ = {
			isa = PBXVariantGroup;
			children = (
				BEC6730C1F9C3C61003B4959 /* Base */,
			);
			name = Main.storyboard;
			sourceTree = "<group>";
		};
		BEC673101F9C3C61003B4959 /* LaunchScreen.storyboard */ = {
			isa = PBXVariantGroup;
			children = (
				BEC673111F9C3C61003B4959 /* Base */,
			);
			name = LaunchScreen.storyboard;
			sourceTree = "<group>";
		};
/* End PBXVariantGroup section */

/* Begin XCBuildConfiguration section */
		BEC673141F9C3C61003B4959 /* Debug */ = {
			isa = XCBuildConfiguration;
			buildSettings = {
				ALWAYS_SEARCH_USER_PATHS = NO;
				CLANG_ANALYZER_NONNULL = YES;
				CLANG_ANALYZER_NUMBER_OBJECT_CONVERSION = YES_AGGRESSIVE;
				CLANG_CXX_LANGUAGE_STANDARD = "gnu++0x";
				CLANG_CXX_LIBRARY = "libc++";
				CLANG_ENABLE_MODULES = YES;
				CLANG_ENABLE_OBJC_ARC = YES;
				CLANG_WARN_BOOL_CONVERSION = YES;
				CLANG_WARN_CONSTANT_CONVERSION = YES;
				CLANG_WARN_DIRECT_OBJC_ISA_USAGE = YES_ERROR;
				CLANG_WARN_DOCUMENTATION_COMMENTS = YES;
				CLANG_WARN_EMPTY_BODY = YES;
				CLANG_WARN_ENUM_CONVERSION = YES;
				CLANG_WARN_INFINITE_RECURSION = YES;
				CLANG_WARN_INT_CONVERSION = YES;
				CLANG_WARN_OBJC_ROOT_CLASS = YES_ERROR;
				CLANG_WARN_SUSPICIOUS_MOVE = YES;
				CLANG_WARN_UNREACHABLE_CODE = YES;
				CLANG_WARN__DUPLICATE_METHOD_MATCH = YES;
				"CODE_SIGN_IDENTITY[sdk=iphoneos*]" = "iPhone Developer";
				COPY_PHASE_STRIP = NO;
				DEBUG_INFORMATION_FORMAT = dwarf;
				ENABLE_STRICT_OBJC_MSGSEND = YES;
				ENABLE_TESTABILITY = YES;
				GCC_C_LANGUAGE_STANDARD = gnu99;
				GCC_DYNAMIC_NO_PIC = NO;
				GCC_NO_COMMON_BLOCKS = YES;
				GCC_OPTIMIZATION_LEVEL = 0;
				GCC_PREPROCESSOR_DEFINITIONS = (
					"DEBUG=1",
					"$(inherited)",
				);
				GCC_WARN_64_TO_32_BIT_CONVERSION = YES;
				GCC_WARN_ABOUT_RETURN_TYPE = YES_ERROR;
				GCC_WARN_UNDECLARED_SELECTOR = YES;
				GCC_WARN_UNINITIALIZED_AUTOS = YES_AGGRESSIVE;
				GCC_WARN_UNUSED_FUNCTION = YES;
				GCC_WARN_UNUSED_VARIABLE = YES;
				IPHONEOS_DEPLOYMENT_TARGET = 10.3;
				MTL_ENABLE_DEBUG_INFO = YES;
				ONLY_ACTIVE_ARCH = YES;
				SDKROOT = iphoneos;
			};
			name = Debug;
		};
		BEC673151F9C3C61003B4959 /* Release */ = {
			isa = XCBuildConfiguration;
			buildSettings = {
				ALWAYS_SEARCH_USER_PATHS = NO;
				CLANG_ANALYZER_NONNULL = YES;
				CLANG_ANALYZER_NUMBER_OBJECT_CONVERSION = YES_AGGRESSIVE;
				CLANG_CXX_LANGUAGE_STANDARD = "gnu++0x";
				CLANG_CXX_LIBRARY = "libc++";
				CLANG_ENABLE_MODULES = YES;
				CLANG_ENABLE_OBJC_ARC = YES;
				CLANG_WARN_BOOL_CONVERSION = YES;
				CLANG_WARN_CONSTANT_CONVERSION = YES;
				CLANG_WARN_DIRECT_OBJC_ISA_USAGE = YES_ERROR;
				CLANG_WARN_DOCUMENTATION_COMMENTS = YES;
				CLANG_WARN_EMPTY_BODY = YES;
				CLANG_WARN_ENUM_CONVERSION = YES;
				CLANG_WARN_INFINITE_RECURSION = YES;
				CLANG_WARN_INT_CONVERSION = YES;
				CLANG_WARN_OBJC_ROOT_CLASS = YES_ERROR;
				CLANG_WARN_SUSPICIOUS_MOVE = YES;
				CLANG_WARN_UNREACHABLE_CODE = YES;
				CLANG_WARN__DUPLICATE_METHOD_MATCH = YES;
				"CODE_SIGN_IDENTITY[sdk=iphoneos*]" = "iPhone Developer";
				COPY_PHASE_STRIP = NO;
				DEBUG_INFORMATION_FORMAT = "dwarf-with-dsym";
				ENABLE_NS_ASSERTIONS = NO;
				ENABLE_STRICT_OBJC_MSGSEND = YES;
				GCC_C_LANGUAGE_STANDARD = gnu99;
				GCC_NO_COMMON_BLOCKS = YES;
				GCC_WARN_64_TO_32_BIT_CONVERSION = YES;
				GCC_WARN_ABOUT_RETURN_TYPE = YES_ERROR;
				GCC_WARN_UNDECLARED_SELECTOR = YES;
				GCC_WARN_UNINITIALIZED_AUTOS = YES_AGGRESSIVE;
				GCC_WARN_UNUSED_FUNCTION = YES;
				GCC_WARN_UNUSED_VARIABLE = YES;
				IPHONEOS_DEPLOYMENT_TARGET = 10.3;
				MTL_ENABLE_DEBUG_INFO = NO;
				SDKROOT = iphoneos;
				VALIDATE_PRODUCT = YES;
			};
			name = Release;
		};
		BEC673171F9C3C61003B4959 /* Debug */ = {
			isa = XCBuildConfiguration;
			baseConfigurationReference = 906BB077034AD00AB4B0153E /* Pods-Diary.debug.xcconfig */;
			buildSettings = {
				ASSETCATALOG_COMPILER_APPICON_NAME = AppIcon;
				DEVELOPMENT_TEAM = 7X68WV2D5Z;
				GCC_PREFIX_HEADER = "$(SRCROOT)/Diary/PrefixHeader.pch";
				INFOPLIST_FILE = Diary/Info.plist;
				LD_RUNPATH_SEARCH_PATHS = "$(inherited) @executable_path/Frameworks";
				PRODUCT_BUNDLE_IDENTIFIER = Zy.Diary;
				PRODUCT_NAME = "$(TARGET_NAME)";
			};
			name = Debug;
		};
		BEC673181F9C3C61003B4959 /* Release */ = {
			isa = XCBuildConfiguration;
			baseConfigurationReference = 802674CE257C04879F7480D8 /* Pods-Diary.release.xcconfig */;
			buildSettings = {
				ASSETCATALOG_COMPILER_APPICON_NAME = AppIcon;
				DEVELOPMENT_TEAM = 7X68WV2D5Z;
				GCC_PREFIX_HEADER = "$(SRCROOT)/Diary/PrefixHeader.pch";
				INFOPLIST_FILE = Diary/Info.plist;
				LD_RUNPATH_SEARCH_PATHS = "$(inherited) @executable_path/Frameworks";
				PRODUCT_BUNDLE_IDENTIFIER = Zy.Diary;
				PRODUCT_NAME = "$(TARGET_NAME)";
			};
			name = Release;
		};
/* End XCBuildConfiguration section */

/* Begin XCConfigurationList section */
		BEC672FA1F9C3C61003B4959 /* Build configuration list for PBXProject "Diary" */ = {
			isa = XCConfigurationList;
			buildConfigurations = (
				BEC673141F9C3C61003B4959 /* Debug */,
				BEC673151F9C3C61003B4959 /* Release */,
			);
			defaultConfigurationIsVisible = 0;
			defaultConfigurationName = Release;
		};
		BEC673161F9C3C61003B4959 /* Build configuration list for PBXNativeTarget "Diary" */ = {
			isa = XCConfigurationList;
			buildConfigurations = (
				BEC673171F9C3C61003B4959 /* Debug */,
				BEC673181F9C3C61003B4959 /* Release */,
			);
			defaultConfigurationIsVisible = 0;
			defaultConfigurationName = Release;
		};
/* End XCConfigurationList section */
	};
	rootObject = BEC672F71F9C3C61003B4959 /* Project object */;
}
